// !$*UTF8*$!
{
	archiveVersion = 1;
	classes = {
	};
	objectVersion = 46;
	objects = {

/* Begin PBXBuildFile section */
		522D7A9C1E777B1B00A69488 /* LuBottomAlertView.swift in Sources */ = {isa = PBXBuildFile; fileRef = 522D7A9B1E777B1B00A69488 /* LuBottomAlertView.swift */; };
		8EC06BEA46A0EB556C27CFCB /* Pods_LuBottomAlertView.framework in Frameworks */ = {isa = PBXBuildFile; fileRef = DBE8FD53C088BDAD315A84CA /* Pods_LuBottomAlertView.framework */; };
		C23762F11DD9EB4100577027 /* SnapKit.framework in Frameworks */ = {isa = PBXBuildFile; fileRef = C23762F01DD9EB4100577027 /* SnapKit.framework */; };
		C27E44F61DD596330041AF80 /* AppDelegate.swift in Sources */ = {isa = PBXBuildFile; fileRef = C27E44F51DD596330041AF80 /* AppDelegate.swift */; };
		C27E44F81DD596330041AF80 /* ViewController.swift in Sources */ = {isa = PBXBuildFile; fileRef = C27E44F71DD596330041AF80 /* ViewController.swift */; };
		C27E44FB1DD596330041AF80 /* Main.storyboard in Resources */ = {isa = PBXBuildFile; fileRef = C27E44F91DD596330041AF80 /* Main.storyboard */; };
		C27E44FD1DD596330041AF80 /* Assets.xcassets in Resources */ = {isa = PBXBuildFile; fileRef = C27E44FC1DD596330041AF80 /* Assets.xcassets */; };
		C27E45001DD596330041AF80 /* LaunchScreen.storyboard in Resources */ = {isa = PBXBuildFile; fileRef = C27E44FE1DD596330041AF80 /* LaunchScreen.storyboard */; };
/* End PBXBuildFile section */

/* Begin PBXFileReference section */
		2559575F260F7B3538419F48 /* Pods-LuBottomAlertView.debug.xcconfig */ = {isa = PBXFileReference; includeInIndex = 1; lastKnownFileType = text.xcconfig; name = "Pods-LuBottomAlertView.debug.xcconfig"; path = "Pods/Target Support Files/Pods-LuBottomAlertView/Pods-LuBottomAlertView.debug.xcconfig"; sourceTree = "<group>"; };
		522D7A9B1E777B1B00A69488 /* LuBottomAlertView.swift */ = {isa = PBXFileReference; fileEncoding = 4; lastKnownFileType = sourcecode.swift; path = LuBottomAlertView.swift; sourceTree = "<group>"; };
		C23762F01DD9EB4100577027 /* SnapKit.framework */ = {isa = PBXFileReference; lastKnownFileType = wrapper.framework; name = SnapKit.framework; path = "../../../../Library/Developer/Xcode/DerivedData/LuBottomAlertView-gstyostipsjbagezmumekscoyttf/Build/Products/Debug-iphoneos/SnapKit/SnapKit.framework"; sourceTree = "<group>"; };
		C27E44F21DD596330041AF80 /* LuBottomAlertView.app */ = {isa = PBXFileReference; explicitFileType = wrapper.application; includeInIndex = 0; path = LuBottomAlertView.app; sourceTree = BUILT_PRODUCTS_DIR; };
		C27E44F51DD596330041AF80 /* AppDelegate.swift */ = {isa = PBXFileReference; lastKnownFileType = sourcecode.swift; path = AppDelegate.swift; sourceTree = "<group>"; };
		C27E44F71DD596330041AF80 /* ViewController.swift */ = {isa = PBXFileReference; lastKnownFileType = sourcecode.swift; path = ViewController.swift; sourceTree = "<group>"; };
		C27E44FA1DD596330041AF80 /* Base */ = {isa = PBXFileReference; lastKnownFileType = file.storyboard; name = Base; path = Base.lproj/Main.storyboard; sourceTree = "<group>"; };
		C27E44FC1DD596330041AF80 /* Assets.xcassets */ = {isa = PBXFileReference; lastKnownFileType = folder.assetcatalog; path = Assets.xcassets; sourceTree = "<group>"; };
		C27E44FF1DD596330041AF80 /* Base */ = {isa = PBXFileReference; lastKnownFileType = file.storyboard; name = Base; path = Base.lproj/LaunchScreen.storyboard; sourceTree = "<group>"; };
		C27E45011DD596330041AF80 /* Info.plist */ = {isa = PBXFileReference; lastKnownFileType = text.plist.xml; path = Info.plist; sourceTree = "<group>"; };
		DBE8FD53C088BDAD315A84CA /* Pods_LuBottomAlertView.framework */ = {isa = PBXFileReference; explicitFileType = wrapper.framework; includeInIndex = 0; path = Pods_LuBottomAlertView.framework; sourceTree = BUILT_PRODUCTS_DIR; };
		EDE6CF69E06D1EA9D36C6C35 /* Pods-LuBottomAlertView.release.xcconfig */ = {isa = PBXFileReference; includeInIndex = 1; lastKnownFileType = text.xcconfig; name = "Pods-LuBottomAlertView.release.xcconfig"; path = "Pods/Target Support Files/Pods-LuBottomAlertView/Pods-LuBottomAlertView.release.xcconfig"; sourceTree = "<group>"; };
/* End PBXFileReference section */

/* Begin PBXFrameworksBuildPhase section */
		C27E44EF1DD596330041AF80 /* Frameworks */ = {
			isa = PBXFrameworksBuildPhase;
			buildActionMask = 2147483647;
			files = (
				C23762F11DD9EB4100577027 /* SnapKit.framework in Frameworks */,
				8EC06BEA46A0EB556C27CFCB /* Pods_LuBottomAlertView.framework in Frameworks */,
			);
			runOnlyForDeploymentPostprocessing = 0;
		};
/* End PBXFrameworksBuildPhase section */

/* Begin PBXGroup section */
		117D619FB1BD9F07FEAA660A /* Pods */ = {
			isa = PBXGroup;
			children = (
				2559575F260F7B3538419F48 /* Pods-LuBottomAlertView.debug.xcconfig */,
				EDE6CF69E06D1EA9D36C6C35 /* Pods-LuBottomAlertView.release.xcconfig */,
			);
			name = Pods;
			sourceTree = "<group>";
		};
		86702FDFF8568FC940C4AD03 /* Frameworks */ = {
			isa = PBXGroup;
			children = (
				C23762F01DD9EB4100577027 /* SnapKit.framework */,
				DBE8FD53C088BDAD315A84CA /* Pods_LuBottomAlertView.framework */,
			);
			name = Frameworks;
			sourceTree = "<group>";
		};
		C27E44E91DD596330041AF80 = {
			isa = PBXGroup;
			children = (
				C27E44F41DD596330041AF80 /* LuBottomAlertView */,
				C27E44F31DD596330041AF80 /* Products */,
				117D619FB1BD9F07FEAA660A /* Pods */,
				86702FDFF8568FC940C4AD03 /* Frameworks */,
			);
			sourceTree = "<group>";
		};
		C27E44F31DD596330041AF80 /* Products */ = {
			isa = PBXGroup;
			children = (
				C27E44F21DD596330041AF80 /* LuBottomAlertView.app */,
			);
			name = Products;
			sourceTree = "<group>";
		};
		C27E44F41DD596330041AF80 /* LuBottomAlertView */ = {
			isa = PBXGroup;
			children = (
				522D7A9B1E777B1B00A69488 /* LuBottomAlertView.swift */,
				C27E44F51DD596330041AF80 /* AppDelegate.swift */,
				C27E44F71DD596330041AF80 /* ViewController.swift */,
				C27E44F91DD596330041AF80 /* Main.storyboard */,
				C27E44FC1DD596330041AF80 /* Assets.xcassets */,
				C27E44FE1DD596330041AF80 /* LaunchScreen.storyboard */,
				C27E45011DD596330041AF80 /* Info.plist */,
			);
			path = LuBottomAlertView;
			sourceTree = "<group>";
		};
/* End PBXGroup section */

/* Begin PBXNativeTarget section */
		C27E44F11DD596330041AF80 /* LuBottomAlertView */ = {
			isa = PBXNativeTarget;
			buildConfigurationList = C27E45041DD596330041AF80 /* Build configuration list for PBXNativeTarget "LuBottomAlertView" */;
			buildPhases = (
				51C0FDBB5A43B921A45D675E /* [CP] Check Pods Manifest.lock */,
				C27E44EE1DD596330041AF80 /* Sources */,
				C27E44EF1DD596330041AF80 /* Frameworks */,
				C27E44F01DD596330041AF80 /* Resources */,
				F22BC59DD893F2D172334950 /* [CP] Embed Pods Frameworks */,
				D2BE8F92575AB0C3E512DAB0 /* [CP] Copy Pods Resources */,
			);
			buildRules = (
			);
			dependencies = (
			);
			name = LuBottomAlertView;
			productName = LuBottomAlertView;
			productReference = C27E44F21DD596330041AF80 /* LuBottomAlertView.app */;
			productType = "com.apple.product-type.application";
		};
/* End PBXNativeTarget section */

/* Begin PBXProject section */
		C27E44EA1DD596330041AF80 /* Project object */ = {
			isa = PBXProject;
			attributes = {
				LastSwiftUpdateCheck = 0810;
				LastUpgradeCheck = 0810;
				ORGANIZATIONNAME = RamboLu;
				TargetAttributes = {
					C27E44F11DD596330041AF80 = {
						CreatedOnToolsVersion = 8.1;
						DevelopmentTeam = CVC96E4QGN;
						ProvisioningStyle = Automatic;
					};
				};
			};
			buildConfigurationList = C27E44ED1DD596330041AF80 /* Build configuration list for PBXProject "LuBottomAlertView" */;
			compatibilityVersion = "Xcode 3.2";
			developmentRegion = English;
			hasScannedForEncodings = 0;
			knownRegions = (
				en,
				Base,
			);
			mainGroup = C27E44E91DD596330041AF80;
			productRefGroup = C27E44F31DD596330041AF80 /* Products */;
			projectDirPath = "";
			projectRoot = "";
			targets = (
				C27E44F11DD596330041AF80 /* LuBottomAlertView */,
			);
		};
/* End PBXProject section */

/* Begin PBXResourcesBuildPhase section */
		C27E44F01DD596330041AF80 /* Resources */ = {
			isa = PBXResourcesBuildPhase;
			buildActionMask = 2147483647;
			files = (
				C27E45001DD596330041AF80 /* LaunchScreen.storyboard in Resources */,
				C27E44FD1DD596330041AF80 /* Assets.xcassets in Resources */,
				C27E44FB1DD596330041AF80 /* Main.storyboard in Resources */,
			);
			runOnlyForDeploymentPostprocessing = 0;
		};
/* End PBXResourcesBuildPhase section */

/* Begin PBXShellScriptBuildPhase section */
		51C0FDBB5A43B921A45D675E /* [CP] Check Pods Manifest.lock */ = {
			isa = PBXShellScriptBuildPhase;
			buildActionMask = 2147483647;
			files = (
			);
			inputPaths = (
			);
			name = "[CP] Check Pods Manifest.lock";
			outputPaths = (
			);
			runOnlyForDeploymentPostprocessing = 0;
			shellPath = /bin/sh;
			shellScript = "diff \"${PODS_ROOT}/../Podfile.lock\" \"${PODS_ROOT}/Manifest.lock\" > /dev/null\nif [ $? != 0 ] ; then\n    # print error to STDERR\n    echo \"error: The sandbox is not in sync with the Podfile.lock. Run 'pod install' or update your CocoaPods installation.\" >&2\n    exit 1\nfi\n";
			showEnvVarsInLog = 0;
		};
		D2BE8F92575AB0C3E512DAB0 /* [CP] Copy Pods Resources */ = {
			isa = PBXShellScriptBuildPhase;
			buildActionMask = 2147483647;
			files = (
			);
			inputPaths = (
			);
			name = "[CP] Copy Pods Resources";
			outputPaths = (
			);
			runOnlyForDeploymentPostprocessing = 0;
			shellPath = /bin/sh;
			shellScript = "\"${SRCROOT}/Pods/Target Support Files/Pods-LuBottomAlertView/Pods-LuBottomAlertView-resources.sh\"\n";
			showEnvVarsInLog = 0;
		};
		F22BC59DD893F2D172334950 /* [CP] Embed Pods Frameworks */ = {
			isa = PBXShellScriptBuildPhase;
			buildActionMask = 2147483647;
			files = (
			);
			inputPaths = (
			);
			name = "[CP] Embed Pods Frameworks";
			outputPaths = (
			);
			runOnlyForDeploymentPostprocessing = 0;
			shellPath = /bin/sh;
			shellScript = "\"${SRCROOT}/Pods/Target Support Files/Pods-LuBottomAlertView/Pods-LuBottomAlertView-frameworks.sh\"\n";
			showEnvVarsInLog = 0;
		};
/* End PBXShellScriptBuildPhase section */

/* Begin PBXSourcesBuildPhase section */
		C27E44EE1DD596330041AF80 /* Sources */ = {
			isa = PBXSourcesBuildPhase;
			buildActionMask = 2147483647;
			files = (
				C27E44F81DD596330041AF80 /* ViewController.swift in Sources */,
				522D7A9C1E777B1B00A69488 /* LuBottomAlertView.swift in Sources */,
				C27E44F61DD596330041AF80 /* AppDelegate.swift in Sources */,
			);
			runOnlyForDeploymentPostprocessing = 0;
		};
/* End PBXSourcesBuildPhase section */

/* Begin PBXVariantGroup section */
		C27E44F91DD596330041AF80 /* Main.storyboard */ = {
			isa = PBXVariantGroup;
			children = (
				C27E44FA1DD596330041AF80 /* Base */,
			);
			name = Main.storyboard;
			sourceTree = "<group>";
		};
		C27E44FE1DD596330041AF80 /* LaunchScreen.storyboard */ = {
			isa = PBXVariantGroup;
			children = (
				C27E44FF1DD596330041AF80 /* Base */,
			);
			name = LaunchScreen.storyboard;
			sourceTree = "<group>";
		};
/* End PBXVariantGroup section */

/* Begin XCBuildConfiguration section */
		C27E45021DD596330041AF80 /* Debug */ = {
			isa = XCBuildConfiguration;
			buildSettings = {
				ALWAYS_SEARCH_USER_PATHS = NO;
				CLANG_ANALYZER_NONNULL = YES;
				CLANG_CXX_LANGUAGE_STANDARD = "gnu++0x";
				CLANG_CXX_LIBRARY = "libc++";
				CLANG_ENABLE_MODULES = YES;
				CLANG_ENABLE_OBJC_ARC = YES;
				CLANG_WARN_BOOL_CONVERSION = YES;
				CLANG_WARN_CONSTANT_CONVERSION = YES;
				CLANG_WARN_DIRECT_OBJC_ISA_USAGE = YES_ERROR;
				CLANG_WARN_DOCUMENTATION_COMMENTS = YES;
				CLANG_WARN_EMPTY_BODY = YES;
				CLANG_WARN_ENUM_CONVERSION = YES;
				CLANG_WARN_INFINITE_RECURSION = YES;
				CLANG_WARN_INT_CONVERSION = YES;
				CLANG_WARN_OBJC_ROOT_CLASS = YES_ERROR;
				CLANG_WARN_SUSPICIOUS_MOVES = YES;
				CLANG_WARN_UNREACHABLE_CODE = YES;
				CLANG_WARN__DUPLICATE_METHOD_MATCH = YES;
				"CODE_SIGN_IDENTITY[sdk=iphoneos*]" = "iPhone Developer";
				COPY_PHASE_STRIP = NO;
				DEBUG_INFORMATION_FORMAT = dwarf;
				ENABLE_STRICT_OBJC_MSGSEND = YES;
				ENABLE_TESTABILITY = YES;
				GCC_C_LANGUAGE_STANDARD = gnu99;
				GCC_DYNAMIC_NO_PIC = NO;
				GCC_NO_COMMON_BLOCKS = YES;
				GCC_OPTIMIZATION_LEVEL = 0;
				GCC_PREPROCESSOR_DEFINITIONS = (
					"DEBUG=1",
					"$(inherited)",
				);
				GCC_WARN_64_TO_32_BIT_CONVERSION = YES;
				GCC_WARN_ABOUT_RETURN_TYPE = YES_ERROR;
				GCC_WARN_UNDECLARED_SELECTOR = YES;
				GCC_WARN_UNINITIALIZED_AUTOS = YES_AGGRESSIVE;
				GCC_WARN_UNUSED_FUNCTION = YES;
				GCC_WARN_UNUSED_VARIABLE = YES;
				IPHONEOS_DEPLOYMENT_TARGET = 10.1;
				MTL_ENABLE_DEBUG_INFO = YES;
				ONLY_ACTIVE_ARCH = YES;
				SDKROOT = iphoneos;
				SWIFT_ACTIVE_COMPILATION_CONDITIONS = DEBUG;
				SWIFT_OPTIMIZATION_LEVEL = "-Onone";
			};
			name = Debug;
		};
		C27E45031DD596330041AF80 /* Release */ = {
			isa = XCBuildConfiguration;
			buildSettings = {
				ALWAYS_SEARCH_USER_PATHS = NO;
				CLANG_ANALYZER_NONNULL = YES;
				CLANG_CXX_LANGUAGE_STANDARD = "gnu++0x";
				CLANG_CXX_LIBRARY = "libc++";
				CLANG_ENABLE_MODULES = YES;
				CLANG_ENABLE_OBJC_ARC = YES;
				CLANG_WARN_BOOL_CONVERSION = YES;
				CLANG_WARN_CONSTANT_CONVERSION = YES;
				CLANG_WARN_DIRECT_OBJC_ISA_USAGE = YES_ERROR;
				CLANG_WARN_DOCUMENTATION_COMMENTS = YES;
				CLANG_WARN_EMPTY_BODY = YES;
				CLANG_WARN_ENUM_CONVERSION = YES;
				CLANG_WARN_INFINITE_RECURSION = YES;
				CLANG_WARN_INT_CONVERSION = YES;
				CLANG_WARN_OBJC_ROOT_CLASS = YES_ERROR;
				CLANG_WARN_SUSPICIOUS_MOVES = YES;
				CLANG_WARN_UNREACHABLE_CODE = YES;
				CLANG_WARN__DUPLICATE_METHOD_MATCH = YES;
				"CODE_SIGN_IDENTITY[sdk=iphoneos*]" = "iPhone Developer";
				COPY_PHASE_STRIP = NO;
				DEBUG_INFORMATION_FORMAT = "dwarf-with-dsym";
				ENABLE_NS_ASSERTIONS = NO;
				ENABLE_STRICT_OBJC_MSGSEND = YES;
				GCC_C_LANGUAGE_STANDARD = gnu99;
				GCC_NO_COMMON_BLOCKS = YES;
				GCC_WARN_64_TO_32_BIT_CONVERSION = YES;
				GCC_WARN_ABOUT_RETURN_TYPE = YES_ERROR;
				GCC_WARN_UNDECLARED_SELECTOR = YES;
				GCC_WARN_UNINITIALIZED_AUTOS = YES_AGGRESSIVE;
				GCC_WARN_UNUSED_FUNCTION = YES;
				GCC_WARN_UNUSED_VARIABLE = YES;
				IPHONEOS_DEPLOYMENT_TARGET = 10.1;
				MTL_ENABLE_DEBUG_INFO = NO;
				SDKROOT = iphoneos;
				SWIFT_OPTIMIZATION_LEVEL = "-Owholemodule";
				VALIDATE_PRODUCT = YES;
			};
			name = Release;
		};
		C27E45051DD596330041AF80 /* Debug */ = {
			isa = XCBuildConfiguration;
			baseConfigurationReference = 2559575F260F7B3538419F48 /* Pods-LuBottomAlertView.debug.xcconfig */;
			buildSettings = {
				ASSETCATALOG_COMPILER_APPICON_NAME = AppIcon;
				DEVELOPMENT_TEAM = CVC96E4QGN;
				INFOPLIST_FILE = LuBottomAlertView/Info.plist;
				LD_RUNPATH_SEARCH_PATHS = "$(inherited) @executable_path/Frameworks";
				PRODUCT_BUNDLE_IDENTIFIER = RamboLu.LuBottomAlertView;
				PRODUCT_NAME = "$(TARGET_NAME)";
				SWIFT_VERSION = 3.0;
			};
			name = Debug;
		};
		C27E45061DD596330041AF80 /* Release */ = {
			isa = XCBuildConfiguration;
			baseConfigurationReference = EDE6CF69E06D1EA9D36C6C35 /* Pods-LuBottomAlertView.release.xcconfig */;
			buildSettings = {
				ASSETCATALOG_COMPILER_APPICON_NAME = AppIcon;
				DEVELOPMENT_TEAM = CVC96E4QGN;
				INFOPLIST_FILE = LuBottomAlertView/Info.plist;
				LD_RUNPATH_SEARCH_PATHS = "$(inherited) @executable_path/Frameworks";
				PRODUCT_BUNDLE_IDENTIFIER = RamboLu.LuBottomAlertView;
				PRODUCT_NAME = "$(TARGET_NAME)";
				SWIFT_VERSION = 3.0;
			};
			name = Release;
		};
/* End XCBuildConfiguration section */

/* Begin XCConfigurationList section */
		C27E44ED1DD596330041AF80 /* Build configuration list for PBXProject "LuBottomAlertView" */ = {
			isa = XCConfigurationList;
			buildConfigurations = (
				C27E45021DD596330041AF80 /* Debug */,
				C27E45031DD596330041AF80 /* Release */,
			);
			defaultConfigurationIsVisible = 0;
			defaultConfigurationName = Release;
		};
		C27E45041DD596330041AF80 /* Build configuration list for PBXNativeTarget "LuBottomAlertView" */ = {
			isa = XCConfigurationList;
			buildConfigurations = (
				C27E45051DD596330041AF80 /* Debug */,
				C27E45061DD596330041AF80 /* Release */,
			);
			defaultConfigurationIsVisible = 0;
			defaultConfigurationName = Release;
		};
/* End XCConfigurationList section */
	};
	rootObject = C27E44EA1DD596330041AF80 /* Project object */;
}
